
Microsoft Visual Studio Solution File, Format Version 12.00
# Visual Studio Version 17
VisualStudioVersion = 17.8.34330.188
MinimumVisualStudioVersion = 10.0.40219.1
Project("{FAE04EC0-301F-11D3-BF4B-00C04F79EFBC}") = "WpfApp2", "WpfApp2.csproj", "{60560601-C3DB-499C-B904-5599F56A20ED}"
EndProject
Global
	GlobalSection(SolutionConfigurationPlatforms) = preSolution
		Debug|Any CPU = Debug|Any CPU
		Release|Any CPU = Release|Any CPU
	EndGlobalSection
	GlobalSection(ProjectConfigurationPlatforms) = postSolution
		{60560601-C3DB-499C-B904-5599F56A20ED}.Debug|Any CPU.ActiveCfg = Debug|Any CPU
		{60560601-C3DB-499C-B904-5599F56A20ED}.Debug|Any CPU.Build.0 = Debug|Any CPU
		{60560601-C3DB-499C-B904-5599F56A20ED}.Release|Any CPU.ActiveCfg = Release|Any CPU
		{60560601-C3DB-499C-B904-5599F56A20ED}.Release|Any CPU.Build.0 = Release|Any CPU
	EndGlobalSection
	GlobalSection(SolutionProperties) = preSolution
		HideSolutionNode = FALSE
	EndGlobalSection
	GlobalSection(ExtensibilityGlobals) = postSolution
		SolutionGuid = {912BF2A7-F903-444A-93B2-7975C2A405E6}
	EndGlobalSection
EndGlobal
